
Microsoft Visual Studio Solution File, Format Version 12.00
# Visual Studio Version 16
VisualStudioVersion = 25.0.1705.0
MinimumVisualStudioVersion = 10.0.40219.1
Project("{FAE04EC0-301F-11D3-BF4B-00C04F79EFBC}") = "testing", "testing\testing.csproj", "{7F674AC2-1904-4817-8CF8-7F447AF6CADA}"
EndProject
Global
	GlobalSection(SolutionConfigurationPlatforms) = preSolution
		Debug|Any CPU = Debug|Any CPU
		Release|Any CPU = Release|Any CPU
	EndGlobalSection
	GlobalSection(ProjectConfigurationPlatforms) = postSolution
		{7F674AC2-1904-4817-8CF8-7F447AF6CADA}.Debug|Any CPU.ActiveCfg = Debug|Any CPU
		{7F674AC2-1904-4817-8CF8-7F447AF6CADA}.Debug|Any CPU.Build.0 = Debug|Any CPU
		{7F674AC2-1904-4817-8CF8-7F447AF6CADA}.Release|Any CPU.ActiveCfg = Release|Any CPU
		{7F674AC2-1904-4817-8CF8-7F447AF6CADA}.Release|Any CPU.Build.0 = Release|Any CPU
	EndGlobalSection
	GlobalSection(SolutionProperties) = preSolution
		HideSolutionNode = FALSE
	EndGlobalSection
	GlobalSection(ExtensibilityGlobals) = postSolution
		SolutionGuid = {C7AB6E23-C3EE-49E4-AB74-0E654C5F804D}
	EndGlobalSection
EndGlobal
